
Microsoft Visual Studio Solution File, Format Version 12.00
# Visual Studio 2015
Project("{FAE04EC0-301F-11D3-BF4B-00C04F79EFBC}") = "controllermenu.Plugins", "controllermenu.Plugins.csproj", "{CE1D9009-1EC2-3D34-5A09-57C4BC89914B}"
EndProject
Project("{FAE04EC0-301F-11D3-BF4B-00C04F79EFBC}") = "controllermenu", "controllermenu.csproj", "{D6F64F74-DC8C-3663-A3D8-9EE61826F7D5}"
EndProject
Project("{FAE04EC0-301F-11D3-BF4B-00C04F79EFBC}") = "controllermenu.Editor.Plugins", "controllermenu.Editor.Plugins.csproj", "{773EFE4C-0164-B8A1-7632-9129505E7AFD}"
EndProject
Project("{FAE04EC0-301F-11D3-BF4B-00C04F79EFBC}") = "controllermenu.Editor", "controllermenu.Editor.csproj", "{CEC3F6BB-3A0C-422E-DA51-D732B556053D}"
EndProject
Global
	GlobalSection(SolutionConfigurationPlatforms) = preSolution
		Debug|Any CPU = Debug|Any CPU
		Release|Any CPU = Release|Any CPU
	EndGlobalSection
	GlobalSection(ProjectConfigurationPlatforms) = postSolution
		{CE1D9009-1EC2-3D34-5A09-57C4BC89914B}.Debug|Any CPU.ActiveCfg = Debug|Any CPU
		{CE1D9009-1EC2-3D34-5A09-57C4BC89914B}.Debug|Any CPU.Build.0 = Debug|Any CPU
		{CE1D9009-1EC2-3D34-5A09-57C4BC89914B}.Release|Any CPU.ActiveCfg = Release|Any CPU
		{CE1D9009-1EC2-3D34-5A09-57C4BC89914B}.Release|Any CPU.Build.0 = Release|Any CPU
		{D6F64F74-DC8C-3663-A3D8-9EE61826F7D5}.Debug|Any CPU.ActiveCfg = Debug|Any CPU
		{D6F64F74-DC8C-3663-A3D8-9EE61826F7D5}.Debug|Any CPU.Build.0 = Debug|Any CPU
		{D6F64F74-DC8C-3663-A3D8-9EE61826F7D5}.Release|Any CPU.ActiveCfg = Release|Any CPU
		{D6F64F74-DC8C-3663-A3D8-9EE61826F7D5}.Release|Any CPU.Build.0 = Release|Any CPU
		{773EFE4C-0164-B8A1-7632-9129505E7AFD}.Debug|Any CPU.ActiveCfg = Debug|Any CPU
		{773EFE4C-0164-B8A1-7632-9129505E7AFD}.Debug|Any CPU.Build.0 = Debug|Any CPU
		{773EFE4C-0164-B8A1-7632-9129505E7AFD}.Release|Any CPU.ActiveCfg = Release|Any CPU
		{773EFE4C-0164-B8A1-7632-9129505E7AFD}.Release|Any CPU.Build.0 = Release|Any CPU
		{CEC3F6BB-3A0C-422E-DA51-D732B556053D}.Debug|Any CPU.ActiveCfg = Debug|Any CPU
		{CEC3F6BB-3A0C-422E-DA51-D732B556053D}.Debug|Any CPU.Build.0 = Debug|Any CPU
		{CEC3F6BB-3A0C-422E-DA51-D732B556053D}.Release|Any CPU.ActiveCfg = Release|Any CPU
		{CEC3F6BB-3A0C-422E-DA51-D732B556053D}.Release|Any CPU.Build.0 = Release|Any CPU
	EndGlobalSection
	GlobalSection(SolutionProperties) = preSolution
		HideSolutionNode = FALSE
	EndGlobalSection
EndGlobal
